
Microsoft Visual Studio Solution File, Format Version 12.00
# Visual Studio Version 17
VisualStudioVersion = 17.3.32901.215
MinimumVisualStudioVersion = 10.0.40219.1
Project("{9A19103F-16F7-4668-BE54-9A1E7A4F7556}") = "Secim_Api", "Secim_Api.csproj", "{6234C3B5-D23A-4801-A3FB-61EE32A58D47}"
EndProject
Project("{FAE04EC0-301F-11D3-BF4B-00C04F79EFBC}") = "WebApplication1", "..\WebApplication1\WebApplication1.csproj", "{7607D18E-BC36-481E-A550-3A28F20F3158}"
EndProject
Global
	GlobalSection(SolutionConfigurationPlatforms) = preSolution
		Debug|Any CPU = Debug|Any CPU
		Release|Any CPU = Release|Any CPU
	EndGlobalSection
	GlobalSection(ProjectConfigurationPlatforms) = postSolution
		{6234C3B5-D23A-4801-A3FB-61EE32A58D47}.Debug|Any CPU.ActiveCfg = Debug|Any CPU
		{6234C3B5-D23A-4801-A3FB-61EE32A58D47}.Debug|Any CPU.Build.0 = Debug|Any CPU
		{6234C3B5-D23A-4801-A3FB-61EE32A58D47}.Release|Any CPU.ActiveCfg = Release|Any CPU
		{6234C3B5-D23A-4801-A3FB-61EE32A58D47}.Release|Any CPU.Build.0 = Release|Any CPU
		{7607D18E-BC36-481E-A550-3A28F20F3158}.Debug|Any CPU.ActiveCfg = Debug|Any CPU
		{7607D18E-BC36-481E-A550-3A28F20F3158}.Debug|Any CPU.Build.0 = Debug|Any CPU
		{7607D18E-BC36-481E-A550-3A28F20F3158}.Release|Any CPU.ActiveCfg = Release|Any CPU
		{7607D18E-BC36-481E-A550-3A28F20F3158}.Release|Any CPU.Build.0 = Release|Any CPU
	EndGlobalSection
	GlobalSection(SolutionProperties) = preSolution
		HideSolutionNode = FALSE
	EndGlobalSection
	GlobalSection(ExtensibilityGlobals) = postSolution
		SolutionGuid = {686E5FC8-0CDC-4399-B504-EF766E459E46}
	EndGlobalSection
EndGlobal
